
Microsoft Visual Studio Solution File, Format Version 12.00
Project("{FAE04EC0-301F-11D3-BF4B-00C04F79EFBC}") = "BigBrother.WebApi", "BigBrother.WebApi\BigBrother.WebApi.csproj", "{6A0A641A-6088-49E6-8FB5-ECB17B905DC2}"
EndProject
Project("{FAE04EC0-301F-11D3-BF4B-00C04F79EFBC}") = "BigBrother.Domain", "BigBrother.Domain\BigBrother.Domain.csproj", "{F144757B-6D77-4EAD-9A06-65B57F5CA3C4}"
EndProject
Project("{FAE04EC0-301F-11D3-BF4B-00C04F79EFBC}") = "BigBrother.Repository", "BigBrother.Repository\BigBrother.Repository.csproj", "{A430925E-8790-41B6-93BC-FC03EE9A4425}"
EndProject
Global
	GlobalSection(SolutionConfigurationPlatforms) = preSolution
		Debug|Any CPU = Debug|Any CPU
		Release|Any CPU = Release|Any CPU
	EndGlobalSection
	GlobalSection(ProjectConfigurationPlatforms) = postSolution
		{6A0A641A-6088-49E6-8FB5-ECB17B905DC2}.Debug|Any CPU.ActiveCfg = Debug|Any CPU
		{6A0A641A-6088-49E6-8FB5-ECB17B905DC2}.Debug|Any CPU.Build.0 = Debug|Any CPU
		{6A0A641A-6088-49E6-8FB5-ECB17B905DC2}.Release|Any CPU.ActiveCfg = Release|Any CPU
		{6A0A641A-6088-49E6-8FB5-ECB17B905DC2}.Release|Any CPU.Build.0 = Release|Any CPU
		{F144757B-6D77-4EAD-9A06-65B57F5CA3C4}.Debug|Any CPU.ActiveCfg = Debug|Any CPU
		{F144757B-6D77-4EAD-9A06-65B57F5CA3C4}.Debug|Any CPU.Build.0 = Debug|Any CPU
		{F144757B-6D77-4EAD-9A06-65B57F5CA3C4}.Release|Any CPU.ActiveCfg = Release|Any CPU
		{F144757B-6D77-4EAD-9A06-65B57F5CA3C4}.Release|Any CPU.Build.0 = Release|Any CPU
		{A430925E-8790-41B6-93BC-FC03EE9A4425}.Debug|Any CPU.ActiveCfg = Debug|Any CPU
		{A430925E-8790-41B6-93BC-FC03EE9A4425}.Debug|Any CPU.Build.0 = Debug|Any CPU
		{A430925E-8790-41B6-93BC-FC03EE9A4425}.Release|Any CPU.ActiveCfg = Release|Any CPU
		{A430925E-8790-41B6-93BC-FC03EE9A4425}.Release|Any CPU.Build.0 = Release|Any CPU
	EndGlobalSection
EndGlobal
